# This file was autogenerated by Stack.
# You should not edit this file by hand.
# For more information, please see the documentation at:
#   https://docs.haskellstack.org/en/stable/topics/lock_files

packages:
- completed:
    hackage: gasp-1.4.0.0@sha256:23356dd807eb6aab5c48fb7b0ea4f0a1a659b79da472262baa9a34c97c999ba3,1330
    pantry-tree:
      sha256: 20cad2cae996cb275aaa7604d29e8f12b0f4c89c38afb8d761245a6571fdf73a
      size: 1220
  original:
    hackage: gasp-1.4.0.0@sha256:23356dd807eb6aab5c48fb7b0ea4f0a1a659b79da472262baa9a34c97c999ba3,1330
- completed:
    commit: 1f276aa19861203ea8367dc27a6ad4c8a31c9062
    git: https://github.com/jyp/glpk-hs
    name: glpk-hs
    pantry-tree:
      sha256: 3d0ca253b3b7b62b8df747200c6bc720978000e2de7665e3f991f74565d7edaa
      size: 1755
    version: '0.8'
  original:
    commit: 1f276aa19861203ea8367dc27a6ad4c8a31c9062
    git: https://github.com/jyp/glpk-hs
snapshots:
- completed:
    sha256: 4bc8e0388916c4000645c068dff642482d6ed1b68b747c2d4d444857979963e0
    size: 726334
    url: https://raw.githubusercontent.com/commercialhaskell/stackage-snapshots/master/lts/24/24.yaml
  original:
    url: https://raw.githubusercontent.com/commercialhaskell/stackage-snapshots/master/lts/24/24.yaml
